
Microsoft Visual Studio Solution File, Format Version 12.00
# Visual Studio Version 17
VisualStudioVersion = 17.14.36221.1 d17.14
MinimumVisualStudioVersion = 10.0.40219.1
Project("{FAE04EC0-301F-11D3-BF4B-00C04F79EFBC}") = "Elo", "Elo\Elo.csproj", "{6148F253-0629-4ED6-B415-0709C921CF9B}"
EndProject
Global
	GlobalSection(SolutionConfigurationPlatforms) = preSolution
		Debug|Any CPU = Debug|Any CPU
		Release|Any CPU = Release|Any CPU
	EndGlobalSection
	GlobalSection(ProjectConfigurationPlatforms) = postSolution
		{6148F253-0629-4ED6-B415-0709C921CF9B}.Debug|Any CPU.ActiveCfg = Debug|Any CPU
		{6148F253-0629-4ED6-B415-0709C921CF9B}.Debug|Any CPU.Build.0 = Debug|Any CPU
		{6148F253-0629-4ED6-B415-0709C921CF9B}.Release|Any CPU.ActiveCfg = Release|Any CPU
		{6148F253-0629-4ED6-B415-0709C921CF9B}.Release|Any CPU.Build.0 = Release|Any CPU
	EndGlobalSection
	GlobalSection(SolutionProperties) = preSolution
		HideSolutionNode = FALSE
	EndGlobalSection
	GlobalSection(ExtensibilityGlobals) = postSolution
		SolutionGuid = {6EA34AF9-7EA3-4506-B2CF-AE13EC93AC4D}
	EndGlobalSection
EndGlobal
